<?xml version="1.0" encoding="utf-8"?>
<Project ToolsVersion="4.0" xmlns="http://schemas.microsoft.com/developer/msbuild/2003">
  <ItemGroup>
    <ClCompile Include="Camera.cpp" />
    <ClCompile Include="GameFont.cpp" />
    <ClCompile Include="GameState.cpp" />
    <ClCompile Include="ImageLoader.cpp" />
    <ClCompile Include="main.cpp" />
    <ClCompile Include="music.cpp" />
    <ClCompile Include="SoundEffect.cpp" />
    <ClCompile Include="MenuState.cpp" />
    <ClCompile Include="PlayState.cpp" />
    <ClCompile Include="StateManager.cpp" />
    <ClCompile Include="Terrain.cpp" />
    <ClCompile Include="TextControl.cpp" />
    <ClCompile Include="World.cpp" />
  </ItemGroup>
  <ItemGroup>
    <ClInclude Include="Camera.h" />
    <ClInclude Include="Exception.h" />
    <ClInclude Include="GameFont.h" />
    <ClInclude Include="GameState.h" />
    <ClInclude Include="ImageLoader.h" />
    <ClInclude Include="music.h" />
    <ClInclude Include="SoundEffect.h" />
    <ClInclude Include="MenuState.h" />
    <ClInclude Include="PlayState.h" />
    <ClInclude Include="Rectangle.h" />
    <ClInclude Include="StateManager.h" />
    <ClInclude Include="Terrain.h" />
    <ClInclude Include="TextControl.h" />
    <ClInclude Include="World.h" />
  </ItemGroup>
  <ItemGroup>
    <None Include="packages.config" />
  </ItemGroup>
</Project>